
Microsoft Visual Studio Solution File, Format Version 12.00
# Visual Studio Version 17
VisualStudioVersion = 17.11.35303.130
MinimumVisualStudioVersion = 10.0.40219.1
Project("{9A19103F-16F7-4668-BE54-9A1E7A4F7556}") = "My_Portfolio", "My_Portfolio\My_Portfolio.csproj", "{A982E5FD-6478-4F31-99F8-310F20531C23}"
EndProject
Global
	GlobalSection(SolutionConfigurationPlatforms) = preSolution
		Debug|Any CPU = Debug|Any CPU
		Release|Any CPU = Release|Any CPU
	EndGlobalSection
	GlobalSection(ProjectConfigurationPlatforms) = postSolution
		{A982E5FD-6478-4F31-99F8-310F20531C23}.Debug|Any CPU.ActiveCfg = Debug|Any CPU
		{A982E5FD-6478-4F31-99F8-310F20531C23}.Debug|Any CPU.Build.0 = Debug|Any CPU
		{A982E5FD-6478-4F31-99F8-310F20531C23}.Release|Any CPU.ActiveCfg = Release|Any CPU
		{A982E5FD-6478-4F31-99F8-310F20531C23}.Release|Any CPU.Build.0 = Release|Any CPU
	EndGlobalSection
	GlobalSection(SolutionProperties) = preSolution
		HideSolutionNode = FALSE
	EndGlobalSection
	GlobalSection(ExtensibilityGlobals) = postSolution
		SolutionGuid = {B0911B94-30F1-4079-A044-01DD1A31C16D}
	EndGlobalSection
EndGlobal
